
Microsoft Visual Studio Solution File, Format Version 12.00
# Visual Studio 14
VisualStudioVersion = 14.0.25420.1
MinimumVisualStudioVersion = 10.0.40219.1
Project("{FAE04EC0-301F-11D3-BF4B-00C04F79EFBC}") = "XCXService.Tests", "XCXService.Tests\XCXService.Tests.csproj", "{314D18CE-77CC-40FC-BA63-6DFB8C621661}"
EndProject
Project("{2150E333-8FDC-42A3-9474-1A3956D46DE8}") = "Service", "Service", "{8AFE5239-D840-4F48-9134-980170058D6B}"
EndProject
Project("{2150E333-8FDC-42A3-9474-1A3956D46DE8}") = "Test", "Test", "{EC353B5F-F9AD-4522-BCCF-FCEC041F3BAF}"
EndProject
Project("{2150E333-8FDC-42A3-9474-1A3956D46DE8}") = "Admin", "Admin", "{5485C3E6-857C-4F7C-BF48-D7A6BAF734FA}"
EndProject
Project("{FAE04EC0-301F-11D3-BF4B-00C04F79EFBC}") = "GDD.Admin.Web", "GDD.Admin.Web\GDD.Admin.Web.csproj", "{0D767A24-D90F-44DA-9380-7B77279F426A}"
EndProject
Project("{FAE04EC0-301F-11D3-BF4B-00C04F79EFBC}") = "GDD.Admin.Business", "GDD.Admin.Business\GDD.Admin.Business.csproj", "{44FE7489-DF34-49CA-8431-988D40C1FC80}"
EndProject
Project("{FAE04EC0-301F-11D3-BF4B-00C04F79EFBC}") = "GDD.Admin.DTO", "GDD.Admin.DTO\GDD.Admin.DTO.csproj", "{A60F53F8-8BBF-477D-9720-CD9EE3D7C2D3}"
EndProject
Project("{FAE04EC0-301F-11D3-BF4B-00C04F79EFBC}") = "GDD.Admin.VO", "GDD.Admin.VO\GDD.Admin.VO.csproj", "{DA8723EE-F416-4384-9510-87B7AD3FEAA8}"
EndProject
Project("{FAE04EC0-301F-11D3-BF4B-00C04F79EFBC}") = "GDD.Models", "GDD.Models\GDD.Models.csproj", "{AEA96170-FFCA-4B9D-9250-3044D20FA13C}"
EndProject
Project("{FAE04EC0-301F-11D3-BF4B-00C04F79EFBC}") = "GDD.Business", "GDD.Business\GDD.Business.csproj", "{8C04594A-B843-4E68-94D7-3F388889865A}"
EndProject
Project("{FAE04EC0-301F-11D3-BF4B-00C04F79EFBC}") = "GDD.Core", "GDD.Core\GDD.Core.csproj", "{F104C56B-69C7-45A7-96FD-8C83C3913101}"
EndProject
Project("{FAE04EC0-301F-11D3-BF4B-00C04F79EFBC}") = "GDD.Common", "GDD.Common\GDD.Common.csproj", "{DEB0BBB3-284E-43B2-89A4-8E0C0F2FA995}"
EndProject
Project("{FAE04EC0-301F-11D3-BF4B-00C04F79EFBC}") = "GDD.Admin.DAL", "GDD.Admin.DAL\GDD.Admin.DAL.csproj", "{B6CFC4FF-7F04-4E3D-995B-4D7A344409C1}"
EndProject
Global
	GlobalSection(SolutionConfigurationPlatforms) = preSolution
		Debug|Any CPU = Debug|Any CPU
		Release|Any CPU = Release|Any CPU
	EndGlobalSection
	GlobalSection(ProjectConfigurationPlatforms) = postSolution
		{314D18CE-77CC-40FC-BA63-6DFB8C621661}.Debug|Any CPU.ActiveCfg = Debug|Any CPU
		{314D18CE-77CC-40FC-BA63-6DFB8C621661}.Debug|Any CPU.Build.0 = Debug|Any CPU
		{314D18CE-77CC-40FC-BA63-6DFB8C621661}.Release|Any CPU.ActiveCfg = Release|Any CPU
		{314D18CE-77CC-40FC-BA63-6DFB8C621661}.Release|Any CPU.Build.0 = Release|Any CPU
		{0D767A24-D90F-44DA-9380-7B77279F426A}.Debug|Any CPU.ActiveCfg = Debug|Any CPU
		{0D767A24-D90F-44DA-9380-7B77279F426A}.Debug|Any CPU.Build.0 = Debug|Any CPU
		{0D767A24-D90F-44DA-9380-7B77279F426A}.Release|Any CPU.ActiveCfg = Release|Any CPU
		{0D767A24-D90F-44DA-9380-7B77279F426A}.Release|Any CPU.Build.0 = Release|Any CPU
		{44FE7489-DF34-49CA-8431-988D40C1FC80}.Debug|Any CPU.ActiveCfg = Debug|Any CPU
		{44FE7489-DF34-49CA-8431-988D40C1FC80}.Debug|Any CPU.Build.0 = Debug|Any CPU
		{44FE7489-DF34-49CA-8431-988D40C1FC80}.Release|Any CPU.ActiveCfg = Release|Any CPU
		{44FE7489-DF34-49CA-8431-988D40C1FC80}.Release|Any CPU.Build.0 = Release|Any CPU
		{A60F53F8-8BBF-477D-9720-CD9EE3D7C2D3}.Debug|Any CPU.ActiveCfg = Debug|Any CPU
		{A60F53F8-8BBF-477D-9720-CD9EE3D7C2D3}.Debug|Any CPU.Build.0 = Debug|Any CPU
		{A60F53F8-8BBF-477D-9720-CD9EE3D7C2D3}.Release|Any CPU.ActiveCfg = Release|Any CPU
		{A60F53F8-8BBF-477D-9720-CD9EE3D7C2D3}.Release|Any CPU.Build.0 = Release|Any CPU
		{DA8723EE-F416-4384-9510-87B7AD3FEAA8}.Debug|Any CPU.ActiveCfg = Debug|Any CPU
		{DA8723EE-F416-4384-9510-87B7AD3FEAA8}.Debug|Any CPU.Build.0 = Debug|Any CPU
		{DA8723EE-F416-4384-9510-87B7AD3FEAA8}.Release|Any CPU.ActiveCfg = Release|Any CPU
		{DA8723EE-F416-4384-9510-87B7AD3FEAA8}.Release|Any CPU.Build.0 = Release|Any CPU
		{AEA96170-FFCA-4B9D-9250-3044D20FA13C}.Debug|Any CPU.ActiveCfg = Debug|Any CPU
		{AEA96170-FFCA-4B9D-9250-3044D20FA13C}.Debug|Any CPU.Build.0 = Debug|Any CPU
		{AEA96170-FFCA-4B9D-9250-3044D20FA13C}.Release|Any CPU.ActiveCfg = Release|Any CPU
		{AEA96170-FFCA-4B9D-9250-3044D20FA13C}.Release|Any CPU.Build.0 = Release|Any CPU
		{8C04594A-B843-4E68-94D7-3F388889865A}.Debug|Any CPU.ActiveCfg = Debug|Any CPU
		{8C04594A-B843-4E68-94D7-3F388889865A}.Debug|Any CPU.Build.0 = Debug|Any CPU
		{8C04594A-B843-4E68-94D7-3F388889865A}.Release|Any CPU.ActiveCfg = Release|Any CPU
		{8C04594A-B843-4E68-94D7-3F388889865A}.Release|Any CPU.Build.0 = Release|Any CPU
		{F104C56B-69C7-45A7-96FD-8C83C3913101}.Debug|Any CPU.ActiveCfg = Debug|Any CPU
		{F104C56B-69C7-45A7-96FD-8C83C3913101}.Debug|Any CPU.Build.0 = Debug|Any CPU
		{F104C56B-69C7-45A7-96FD-8C83C3913101}.Release|Any CPU.ActiveCfg = Release|Any CPU
		{F104C56B-69C7-45A7-96FD-8C83C3913101}.Release|Any CPU.Build.0 = Release|Any CPU
		{DEB0BBB3-284E-43B2-89A4-8E0C0F2FA995}.Debug|Any CPU.ActiveCfg = Debug|Any CPU
		{DEB0BBB3-284E-43B2-89A4-8E0C0F2FA995}.Debug|Any CPU.Build.0 = Debug|Any CPU
		{DEB0BBB3-284E-43B2-89A4-8E0C0F2FA995}.Release|Any CPU.ActiveCfg = Release|Any CPU
		{DEB0BBB3-284E-43B2-89A4-8E0C0F2FA995}.Release|Any CPU.Build.0 = Release|Any CPU
		{B6CFC4FF-7F04-4E3D-995B-4D7A344409C1}.Debug|Any CPU.ActiveCfg = Debug|Any CPU
		{B6CFC4FF-7F04-4E3D-995B-4D7A344409C1}.Debug|Any CPU.Build.0 = Debug|Any CPU
		{B6CFC4FF-7F04-4E3D-995B-4D7A344409C1}.Release|Any CPU.ActiveCfg = Release|Any CPU
		{B6CFC4FF-7F04-4E3D-995B-4D7A344409C1}.Release|Any CPU.Build.0 = Release|Any CPU
	EndGlobalSection
	GlobalSection(SolutionProperties) = preSolution
		HideSolutionNode = FALSE
	EndGlobalSection
	GlobalSection(NestedProjects) = preSolution
		{314D18CE-77CC-40FC-BA63-6DFB8C621661} = {EC353B5F-F9AD-4522-BCCF-FCEC041F3BAF}
		{5485C3E6-857C-4F7C-BF48-D7A6BAF734FA} = {8AFE5239-D840-4F48-9134-980170058D6B}
		{0D767A24-D90F-44DA-9380-7B77279F426A} = {5485C3E6-857C-4F7C-BF48-D7A6BAF734FA}
		{44FE7489-DF34-49CA-8431-988D40C1FC80} = {5485C3E6-857C-4F7C-BF48-D7A6BAF734FA}
		{A60F53F8-8BBF-477D-9720-CD9EE3D7C2D3} = {5485C3E6-857C-4F7C-BF48-D7A6BAF734FA}
		{DA8723EE-F416-4384-9510-87B7AD3FEAA8} = {5485C3E6-857C-4F7C-BF48-D7A6BAF734FA}
		{AEA96170-FFCA-4B9D-9250-3044D20FA13C} = {8AFE5239-D840-4F48-9134-980170058D6B}
		{8C04594A-B843-4E68-94D7-3F388889865A} = {8AFE5239-D840-4F48-9134-980170058D6B}
		{F104C56B-69C7-45A7-96FD-8C83C3913101} = {8AFE5239-D840-4F48-9134-980170058D6B}
		{DEB0BBB3-284E-43B2-89A4-8E0C0F2FA995} = {8AFE5239-D840-4F48-9134-980170058D6B}
		{B6CFC4FF-7F04-4E3D-995B-4D7A344409C1} = {5485C3E6-857C-4F7C-BF48-D7A6BAF734FA}
	EndGlobalSection
EndGlobal
